
Microsoft Visual Studio Solution File, Format Version 12.00
# Visual Studio Version 17
VisualStudioVersion = 17.14.37111.16 d17.14
MinimumVisualStudioVersion = 10.0.40219.1
Project("{FAE04EC0-301F-11D3-BF4B-00C04F79EFBC}") = "Benkyou.API", "Benkyou.API\Benkyou.API.csproj", "{ABD8F859-5EA8-4BDA-B4D9-84B2E98ABE67}"
EndProject
Project("{FAE04EC0-301F-11D3-BF4B-00C04F79EFBC}") = "Benkyou.Data", "Benkyou.Data\Benkyou.Data.csproj", "{9C853719-E310-49FC-968F-757748232474}"
EndProject
Project("{FAE04EC0-301F-11D3-BF4B-00C04F79EFBC}") = "Benkyou.Core", "Benkyou.Core\Benkyou.Core.csproj", "{FEE9892F-0609-4F61-875E-8DAEC25F6BB6}"
EndProject
Global
	GlobalSection(SolutionConfigurationPlatforms) = preSolution
		Debug|Any CPU = Debug|Any CPU
		Release|Any CPU = Release|Any CPU
	EndGlobalSection
	GlobalSection(ProjectConfigurationPlatforms) = postSolution
		{ABD8F859-5EA8-4BDA-B4D9-84B2E98ABE67}.Debug|Any CPU.ActiveCfg = Debug|Any CPU
		{ABD8F859-5EA8-4BDA-B4D9-84B2E98ABE67}.Debug|Any CPU.Build.0 = Debug|Any CPU
		{ABD8F859-5EA8-4BDA-B4D9-84B2E98ABE67}.Release|Any CPU.ActiveCfg = Release|Any CPU
		{ABD8F859-5EA8-4BDA-B4D9-84B2E98ABE67}.Release|Any CPU.Build.0 = Release|Any CPU
		{9C853719-E310-49FC-968F-757748232474}.Debug|Any CPU.ActiveCfg = Debug|Any CPU
		{9C853719-E310-49FC-968F-757748232474}.Debug|Any CPU.Build.0 = Debug|Any CPU
		{9C853719-E310-49FC-968F-757748232474}.Release|Any CPU.ActiveCfg = Release|Any CPU
		{9C853719-E310-49FC-968F-757748232474}.Release|Any CPU.Build.0 = Release|Any CPU
		{FEE9892F-0609-4F61-875E-8DAEC25F6BB6}.Debug|Any CPU.ActiveCfg = Debug|Any CPU
		{FEE9892F-0609-4F61-875E-8DAEC25F6BB6}.Debug|Any CPU.Build.0 = Debug|Any CPU
		{FEE9892F-0609-4F61-875E-8DAEC25F6BB6}.Release|Any CPU.ActiveCfg = Release|Any CPU
		{FEE9892F-0609-4F61-875E-8DAEC25F6BB6}.Release|Any CPU.Build.0 = Release|Any CPU
	EndGlobalSection
	GlobalSection(SolutionProperties) = preSolution
		HideSolutionNode = FALSE
	EndGlobalSection
	GlobalSection(ExtensibilityGlobals) = postSolution
		SolutionGuid = {89C43A4C-046E-47FE-BAE5-AD831D517714}
	EndGlobalSection
EndGlobal
